
Microsoft Visual Studio Solution File, Format Version 12.00
# Visual Studio Version 17
VisualStudioVersion = 17.14.36518.9 d17.14
MinimumVisualStudioVersion = 10.0.40219.1
Project("{FAE04EC0-301F-11D3-BF4B-00C04F79EFBC}") = "Hello World!", "Hello World!\Hello World!.csproj", "{C620655C-F047-4063-A3B2-6B2EC4DD4FD3}"
EndProject
Global
	GlobalSection(SolutionConfigurationPlatforms) = preSolution
		Debug|Any CPU = Debug|Any CPU
		Release|Any CPU = Release|Any CPU
	EndGlobalSection
	GlobalSection(ProjectConfigurationPlatforms) = postSolution
		{C620655C-F047-4063-A3B2-6B2EC4DD4FD3}.Debug|Any CPU.ActiveCfg = Debug|Any CPU
		{C620655C-F047-4063-A3B2-6B2EC4DD4FD3}.Debug|Any CPU.Build.0 = Debug|Any CPU
		{C620655C-F047-4063-A3B2-6B2EC4DD4FD3}.Release|Any CPU.ActiveCfg = Release|Any CPU
		{C620655C-F047-4063-A3B2-6B2EC4DD4FD3}.Release|Any CPU.Build.0 = Release|Any CPU
	EndGlobalSection
	GlobalSection(SolutionProperties) = preSolution
		HideSolutionNode = FALSE
	EndGlobalSection
	GlobalSection(ExtensibilityGlobals) = postSolution
		SolutionGuid = {84834D63-D713-48A7-B1B7-BED9B47CA41D}
	EndGlobalSection
EndGlobal
